
Microsoft Visual Studio Solution File, Format Version 12.00
# Visual Studio Version 16
VisualStudioVersion = 16.0.30804.86
MinimumVisualStudioVersion = 10.0.40219.1
Project("{FAE04EC0-301F-11D3-BF4B-00C04F79EFBC}") = "WebApplication1", "WebApplication1\WebApplication1.csproj", "{C0E173BB-E678-433E-826B-EAA74087A140}"
EndProject
Project("{FAE04EC0-301F-11D3-BF4B-00C04F79EFBC}") = "UnitTestProject1", "UnitTestProject1\UnitTestProject1.csproj", "{F28C2650-C455-4CEF-BC9B-03C9C1D94EF1}"
EndProject
Project("{FAE04EC0-301F-11D3-BF4B-00C04F79EFBC}") = "UiTests1", "UiTests1\UiTests1.csproj", "{79FF37C7-7AA5-48B5-9B89-58EB804B9127}"
EndProject
Global
	GlobalSection(SolutionConfigurationPlatforms) = preSolution
		Debug|Any CPU = Debug|Any CPU
		Release|Any CPU = Release|Any CPU
	EndGlobalSection
	GlobalSection(ProjectConfigurationPlatforms) = postSolution
		{C0E173BB-E678-433E-826B-EAA74087A140}.Debug|Any CPU.ActiveCfg = Debug|Any CPU
		{C0E173BB-E678-433E-826B-EAA74087A140}.Debug|Any CPU.Build.0 = Debug|Any CPU
		{C0E173BB-E678-433E-826B-EAA74087A140}.Release|Any CPU.ActiveCfg = Release|Any CPU
		{C0E173BB-E678-433E-826B-EAA74087A140}.Release|Any CPU.Build.0 = Release|Any CPU
		{F28C2650-C455-4CEF-BC9B-03C9C1D94EF1}.Debug|Any CPU.ActiveCfg = Debug|Any CPU
		{F28C2650-C455-4CEF-BC9B-03C9C1D94EF1}.Debug|Any CPU.Build.0 = Debug|Any CPU
		{F28C2650-C455-4CEF-BC9B-03C9C1D94EF1}.Release|Any CPU.ActiveCfg = Release|Any CPU
		{F28C2650-C455-4CEF-BC9B-03C9C1D94EF1}.Release|Any CPU.Build.0 = Release|Any CPU
		{79FF37C7-7AA5-48B5-9B89-58EB804B9127}.Debug|Any CPU.ActiveCfg = Debug|Any CPU
		{79FF37C7-7AA5-48B5-9B89-58EB804B9127}.Debug|Any CPU.Build.0 = Debug|Any CPU
		{79FF37C7-7AA5-48B5-9B89-58EB804B9127}.Release|Any CPU.ActiveCfg = Release|Any CPU
		{79FF37C7-7AA5-48B5-9B89-58EB804B9127}.Release|Any CPU.Build.0 = Release|Any CPU
	EndGlobalSection
	GlobalSection(SolutionProperties) = preSolution
		HideSolutionNode = FALSE
	EndGlobalSection
	GlobalSection(ExtensibilityGlobals) = postSolution
		SolutionGuid = {1A1471C2-60BB-4EBF-B027-85C40467532C}
	EndGlobalSection
EndGlobal
